
Microsoft Visual Studio Solution File, Format Version 12.00
# Visual Studio Version 16
VisualStudioVersion = 16.0.33927.289
MinimumVisualStudioVersion = 10.0.40219.1
Project("{8BC9CEB8-8B4A-11D0-8D11-00A0C91BC942}") = "IteratorTest_WilkinsJustin", "IteratorTest_WilkinsJustin\IteratorTest_WilkinsJustin.vcxproj", "{DBE7F704-0F94-4FB2-9D4D-B4CFB15EC257}"
EndProject
Global
	GlobalSection(SolutionConfigurationPlatforms) = preSolution
		Debug|x64 = Debug|x64
		Debug|x86 = Debug|x86
		Release|x64 = Release|x64
		Release|x86 = Release|x86
	EndGlobalSection
	GlobalSection(ProjectConfigurationPlatforms) = postSolution
		{DBE7F704-0F94-4FB2-9D4D-B4CFB15EC257}.Debug|x64.ActiveCfg = Debug|x64
		{DBE7F704-0F94-4FB2-9D4D-B4CFB15EC257}.Debug|x64.Build.0 = Debug|x64
		{DBE7F704-0F94-4FB2-9D4D-B4CFB15EC257}.Debug|x86.ActiveCfg = Debug|Win32
		{DBE7F704-0F94-4FB2-9D4D-B4CFB15EC257}.Debug|x86.Build.0 = Debug|Win32
		{DBE7F704-0F94-4FB2-9D4D-B4CFB15EC257}.Release|x64.ActiveCfg = Release|x64
		{DBE7F704-0F94-4FB2-9D4D-B4CFB15EC257}.Release|x64.Build.0 = Release|x64
		{DBE7F704-0F94-4FB2-9D4D-B4CFB15EC257}.Release|x86.ActiveCfg = Release|Win32
		{DBE7F704-0F94-4FB2-9D4D-B4CFB15EC257}.Release|x86.Build.0 = Release|Win32
	EndGlobalSection
	GlobalSection(SolutionProperties) = preSolution
		HideSolutionNode = FALSE
	EndGlobalSection
	GlobalSection(ExtensibilityGlobals) = postSolution
		SolutionGuid = {AB12032F-4291-43D5-9019-9A13D6AC5976}
	EndGlobalSection
EndGlobal
